
Microsoft Visual Studio Solution File, Format Version 12.00
# Visual Studio Version 16
VisualStudioVersion = 16.0.30503.244
MinimumVisualStudioVersion = 10.0.40219.1
Project("{9A19103F-16F7-4668-BE54-9A1E7A4F7556}") = "FirstApp", "FirstApp\FirstApp.csproj", "{A97C56D8-3FA0-407C-BE5D-CC5E58EB32DA}"
EndProject
Project("{9A19103F-16F7-4668-BE54-9A1E7A4F7556}") = "SecondApp", "SecondApp\SecondApp.csproj", "{7DD152CF-7269-4D63-AD81-70ECFA6DB2A8}"
EndProject
Global
	GlobalSection(SolutionConfigurationPlatforms) = preSolution
		Debug|Any CPU = Debug|Any CPU
		Release|Any CPU = Release|Any CPU
	EndGlobalSection
	GlobalSection(ProjectConfigurationPlatforms) = postSolution
		{A97C56D8-3FA0-407C-BE5D-CC5E58EB32DA}.Debug|Any CPU.ActiveCfg = Debug|Any CPU
		{A97C56D8-3FA0-407C-BE5D-CC5E58EB32DA}.Debug|Any CPU.Build.0 = Debug|Any CPU
		{A97C56D8-3FA0-407C-BE5D-CC5E58EB32DA}.Release|Any CPU.ActiveCfg = Release|Any CPU
		{A97C56D8-3FA0-407C-BE5D-CC5E58EB32DA}.Release|Any CPU.Build.0 = Release|Any CPU
		{7DD152CF-7269-4D63-AD81-70ECFA6DB2A8}.Debug|Any CPU.ActiveCfg = Debug|Any CPU
		{7DD152CF-7269-4D63-AD81-70ECFA6DB2A8}.Debug|Any CPU.Build.0 = Debug|Any CPU
		{7DD152CF-7269-4D63-AD81-70ECFA6DB2A8}.Release|Any CPU.ActiveCfg = Release|Any CPU
		{7DD152CF-7269-4D63-AD81-70ECFA6DB2A8}.Release|Any CPU.Build.0 = Release|Any CPU
	EndGlobalSection
	GlobalSection(SolutionProperties) = preSolution
		HideSolutionNode = FALSE
	EndGlobalSection
	GlobalSection(ExtensibilityGlobals) = postSolution
		SolutionGuid = {5AB5C99C-7163-40AE-9DF7-DA170FD47FAF}
	EndGlobalSection
EndGlobal
